
Microsoft Visual Studio Solution File, Format Version 12.00
Project("{FAE04EC0-301F-11D3-BF4B-00C04F79EFBC}") = "ColinChang.OssDownloader.Sample", "ColinChang.OssDownloader.Sample\ColinChang.OssDownloader.Sample.csproj", "{4250D912-4A05-460B-A221-9AAAE0E292F0}"
EndProject
Project("{FAE04EC0-301F-11D3-BF4B-00C04F79EFBC}") = "ColinChang.OssDownloader", "ColinChang.OssDownloader\ColinChang.OssDownloader.csproj", "{CFDBDC72-911D-465D-A8AF-17445B943134}"
EndProject
Global
	GlobalSection(SolutionConfigurationPlatforms) = preSolution
		Debug|Any CPU = Debug|Any CPU
		Release|Any CPU = Release|Any CPU
	EndGlobalSection
	GlobalSection(ProjectConfigurationPlatforms) = postSolution
		{4250D912-4A05-460B-A221-9AAAE0E292F0}.Debug|Any CPU.ActiveCfg = Debug|Any CPU
		{4250D912-4A05-460B-A221-9AAAE0E292F0}.Debug|Any CPU.Build.0 = Debug|Any CPU
		{4250D912-4A05-460B-A221-9AAAE0E292F0}.Release|Any CPU.ActiveCfg = Release|Any CPU
		{4250D912-4A05-460B-A221-9AAAE0E292F0}.Release|Any CPU.Build.0 = Release|Any CPU
		{CFDBDC72-911D-465D-A8AF-17445B943134}.Debug|Any CPU.ActiveCfg = Debug|Any CPU
		{CFDBDC72-911D-465D-A8AF-17445B943134}.Debug|Any CPU.Build.0 = Debug|Any CPU
		{CFDBDC72-911D-465D-A8AF-17445B943134}.Release|Any CPU.ActiveCfg = Release|Any CPU
		{CFDBDC72-911D-465D-A8AF-17445B943134}.Release|Any CPU.Build.0 = Release|Any CPU
	EndGlobalSection
EndGlobal
